
Microsoft Visual Studio Solution File, Format Version 12.00
# Visual Studio Version 16
VisualStudioVersion = 16.0.32002.261
MinimumVisualStudioVersion = 10.0.40219.1
Project("{FAE04EC0-301F-11D3-BF4B-00C04F79EFBC}") = "eShop", "eShop\eShop.csproj", "{95D00824-8096-4E38-91AC-9F71F4C2A213}"
EndProject
Global
	GlobalSection(SolutionConfigurationPlatforms) = preSolution
		Debug|Any CPU = Debug|Any CPU
		Release|Any CPU = Release|Any CPU
	EndGlobalSection
	GlobalSection(ProjectConfigurationPlatforms) = postSolution
		{95D00824-8096-4E38-91AC-9F71F4C2A213}.Debug|Any CPU.ActiveCfg = Debug|Any CPU
		{95D00824-8096-4E38-91AC-9F71F4C2A213}.Debug|Any CPU.Build.0 = Debug|Any CPU
		{95D00824-8096-4E38-91AC-9F71F4C2A213}.Release|Any CPU.ActiveCfg = Release|Any CPU
		{95D00824-8096-4E38-91AC-9F71F4C2A213}.Release|Any CPU.Build.0 = Release|Any CPU
	EndGlobalSection
	GlobalSection(SolutionProperties) = preSolution
		HideSolutionNode = FALSE
	EndGlobalSection
	GlobalSection(ExtensibilityGlobals) = postSolution
		SolutionGuid = {D1F9A327-6D7C-4745-80DA-B0FECBFD4915}
	EndGlobalSection
EndGlobal
